{
  "lockfile_version": "1",
  "packages": {
    "stow@latest": {
      "last_modified": "2024-03-08T13:51:52Z",
      "resolved": "github:NixOS/nixpkgs/a343533bccc62400e8a9560423486a3b6c11a23b#stow",
      "source": "devbox-search",
      "version": "2.3.1",
      "systems": {
        "aarch64-darwin": {
          "outputs": [
            {
              "name": "out",
              "path": "/nix/store/dghjq1c9c3b6iig5yl541l3ji0f3afzr-stow-2.3.1",
              "default": true
            }
          ],
          "store_path": "/nix/store/dghjq1c9c3b6iig5yl541l3ji0f3afzr-stow-2.3.1"
        },
        "aarch64-linux": {
          "outputs": [
            {
              "name": "out",
              "path": "/nix/store/s4wrz9l71jdv35kf6myp9506jxli4i8d-stow-2.3.1",
              "default": true
            }
          ],
          "store_path": "/nix/store/s4wrz9l71jdv35kf6myp9506jxli4i8d-stow-2.3.1"
        },
        "x86_64-darwin": {
          "outputs": [
            {
              "name": "out",
              "path": "/nix/store/xxmzdkb87nim0aprigwnkvwacjygpjdp-stow-2.3.1",
              "default": true
            }
          ],
          "store_path": "/nix/store/xxmzdkb87nim0aprigwnkvwacjygpjdp-stow-2.3.1"
        },
        "x86_64-linux": {
          "outputs": [
            {
              "name": "out",
              "path": "/nix/store/w99vl2i7bgpdrr3jjx5wcfydq96493c4-stow-2.3.1",
              "default": true
            }
          ],
          "store_path": "/nix/store/w99vl2i7bgpdrr3jjx5wcfydq96493c4-stow-2.3.1"
        }
      }
    }
  }
}
