{
  "lockfile_version": "1",
  "packages": {
    "stow@latest": {
      "last_modified": "2024-09-10T15:01:03Z",
      "resolved": "github:NixOS/nixpkgs/5ed627539ac84809c78b2dd6d26a5cebeb5ae269#stow",
      "source": "devbox-search",
      "version": "2.4.0",
      "systems": {
        "aarch64-darwin": {
          "outputs": [
            {
              "name": "out",
              "path": "/nix/store/1xd0c97br8yn8z8drqsgnwy3q2hsl0v3-stow-2.4.0",
              "default": true
            }
          ],
          "store_path": "/nix/store/1xd0c97br8yn8z8drqsgnwy3q2hsl0v3-stow-2.4.0"
        },
        "aarch64-linux": {
          "outputs": [
            {
              "name": "out",
              "path": "/nix/store/f0pi87075m3waj0hb40rnv38g7dn9m5r-stow-2.4.0",
              "default": true
            }
          ],
          "store_path": "/nix/store/f0pi87075m3waj0hb40rnv38g7dn9m5r-stow-2.4.0"
        },
        "x86_64-darwin": {
          "outputs": [
            {
              "name": "out",
              "path": "/nix/store/sgyv9adq1kc5v1cy02wd0s7vkbfgdc4p-stow-2.4.0",
              "default": true
            }
          ],
          "store_path": "/nix/store/sgyv9adq1kc5v1cy02wd0s7vkbfgdc4p-stow-2.4.0"
        },
        "x86_64-linux": {
          "outputs": [
            {
              "name": "out",
              "path": "/nix/store/xijams4cafpl72mqhfxjjmfwfhlhs3dm-stow-2.4.0",
              "default": true
            }
          ],
          "store_path": "/nix/store/xijams4cafpl72mqhfxjjmfwfhlhs3dm-stow-2.4.0"
        }
      }
    }
  }
}
