{
  "lockfile_version": "1",
  "packages": {
    "bat@latest": {
      "last_modified": "2024-09-12T11:58:09Z",
      "resolved": "github:NixOS/nixpkgs/280db3decab4cbeb22a4599bd472229ab74d25e1#bat",
      "source": "devbox-search",
      "version": "0.24.0",
      "systems": {
        "aarch64-darwin": {
          "outputs": [
            {
              "name": "out",
              "path": "/nix/store/bfzdasz5vzdf2l9c79g7s3a0f87bldlw-bat-0.24.0",
              "default": true
            }
          ],
          "store_path": "/nix/store/bfzdasz5vzdf2l9c79g7s3a0f87bldlw-bat-0.24.0"
        },
        "aarch64-linux": {
          "outputs": [
            {
              "name": "out",
              "path": "/nix/store/zw5s1h2ac8qfzl07m9dxdw8bf8vyh2nm-bat-0.24.0",
              "default": true
            }
          ],
          "store_path": "/nix/store/zw5s1h2ac8qfzl07m9dxdw8bf8vyh2nm-bat-0.24.0"
        },
        "x86_64-darwin": {
          "outputs": [
            {
              "name": "out",
              "path": "/nix/store/c1ax8ak0qqd616dmnbdm0qvl8x56s09h-bat-0.24.0",
              "default": true
            }
          ],
          "store_path": "/nix/store/c1ax8ak0qqd616dmnbdm0qvl8x56s09h-bat-0.24.0"
        },
        "x86_64-linux": {
          "outputs": [
            {
              "name": "out",
              "path": "/nix/store/vgrwgqhsyw7ghcyirfbp3jdn3frjz6ms-bat-0.24.0",
              "default": true
            }
          ],
          "store_path": "/nix/store/vgrwgqhsyw7ghcyirfbp3jdn3frjz6ms-bat-0.24.0"
        }
      }
    },
    "delta@latest": {
      "last_modified": "2024-09-12T11:58:09Z",
      "resolved": "github:NixOS/nixpkgs/280db3decab4cbeb22a4599bd472229ab74d25e1#delta",
      "source": "devbox-search",
      "version": "0.18.2",
      "systems": {
        "aarch64-darwin": {
          "outputs": [
            {
              "name": "out",
              "path": "/nix/store/g0fhsklcygf121pzvg9b8ynq7yqnadrv-delta-0.18.2",
              "default": true
            }
          ],
          "store_path": "/nix/store/g0fhsklcygf121pzvg9b8ynq7yqnadrv-delta-0.18.2"
        },
        "aarch64-linux": {
          "outputs": [
            {
              "name": "out",
              "path": "/nix/store/0hg8dv5hna2i5pbpyvlj11w66wqwbcfq-delta-0.18.2",
              "default": true
            }
          ],
          "store_path": "/nix/store/0hg8dv5hna2i5pbpyvlj11w66wqwbcfq-delta-0.18.2"
        },
        "x86_64-darwin": {
          "outputs": [
            {
              "name": "out",
              "path": "/nix/store/n34rr0fdc5wp7qraaqb7s698z1bq9hsq-delta-0.18.2",
              "default": true
            }
          ],
          "store_path": "/nix/store/n34rr0fdc5wp7qraaqb7s698z1bq9hsq-delta-0.18.2"
        },
        "x86_64-linux": {
          "outputs": [
            {
              "name": "out",
              "path": "/nix/store/10wid9ncsv6n31nzxi4zzh78vh3bkxfi-delta-0.18.2",
              "default": true
            }
          ],
          "store_path": "/nix/store/10wid9ncsv6n31nzxi4zzh78vh3bkxfi-delta-0.18.2"
        }
      }
    },
    "direnv@latest": {
      "last_modified": "2024-09-12T11:58:09Z",
      "resolved": "github:NixOS/nixpkgs/280db3decab4cbeb22a4599bd472229ab74d25e1#direnv",
      "source": "devbox-search",
      "version": "2.34.0",
      "systems": {
        "aarch64-darwin": {
          "outputs": [
            {
              "name": "out",
              "path": "/nix/store/86zx2b7bd57p8wjaw4vz313vfyx8883q-direnv-2.34.0",
              "default": true
            }
          ],
          "store_path": "/nix/store/86zx2b7bd57p8wjaw4vz313vfyx8883q-direnv-2.34.0"
        },
        "aarch64-linux": {
          "outputs": [
            {
              "name": "out",
              "path": "/nix/store/3rh237ir32dib3dbf4nvfyps1i8x4khn-direnv-2.34.0",
              "default": true
            }
          ],
          "store_path": "/nix/store/3rh237ir32dib3dbf4nvfyps1i8x4khn-direnv-2.34.0"
        },
        "x86_64-darwin": {
          "outputs": [
            {
              "name": "out",
              "path": "/nix/store/nbiq14rih1mzl4lgahvbszqk0jdhj4zf-direnv-2.34.0",
              "default": true
            }
          ],
          "store_path": "/nix/store/nbiq14rih1mzl4lgahvbszqk0jdhj4zf-direnv-2.34.0"
        },
        "x86_64-linux": {
          "outputs": [
            {
              "name": "out",
              "path": "/nix/store/823qi3acdfxnvn0ylygjg6jabx7b4q31-direnv-2.34.0",
              "default": true
            }
          ],
          "store_path": "/nix/store/823qi3acdfxnvn0ylygjg6jabx7b4q31-direnv-2.34.0"
        }
      }
    },
    "eza@latest": {
      "last_modified": "2024-09-20T05:11:28Z",
      "resolved": "github:NixOS/nixpkgs/79454ee9aacc9714653a4e7eb2a52b717728caff#eza",
      "source": "devbox-search",
      "version": "0.19.4",
      "systems": {
        "aarch64-darwin": {
          "outputs": [
            {
              "name": "out",
              "path": "/nix/store/id250c76d3yijbc601mwjjfcy3fvs6lw-eza-0.19.4",
              "default": true
            },
            {
              "name": "man",
              "path": "/nix/store/6syv4b6lp2kgavgiqbi90hinhabvmxym-eza-0.19.4-man",
              "default": true
            }
          ],
          "store_path": "/nix/store/id250c76d3yijbc601mwjjfcy3fvs6lw-eza-0.19.4"
        },
        "aarch64-linux": {
          "outputs": [
            {
              "name": "out",
              "path": "/nix/store/6yw76d4jhmi1bdbmh99gp09nxlvxy3in-eza-0.19.4",
              "default": true
            },
            {
              "name": "man",
              "path": "/nix/store/n2sqqbikzh2qbg7ifdl2w5wrwah1zm2l-eza-0.19.4-man",
              "default": true
            }
          ],
          "store_path": "/nix/store/6yw76d4jhmi1bdbmh99gp09nxlvxy3in-eza-0.19.4"
        },
        "x86_64-darwin": {
          "outputs": [
            {
              "name": "out",
              "path": "/nix/store/vz1nhqg793zr7r09lkk413zx69cpfapg-eza-0.19.4",
              "default": true
            },
            {
              "name": "man",
              "path": "/nix/store/c4ym5nk4fnscc2sl9m9c62y2c3lm4iqx-eza-0.19.4-man",
              "default": true
            }
          ],
          "store_path": "/nix/store/vz1nhqg793zr7r09lkk413zx69cpfapg-eza-0.19.4"
        },
        "x86_64-linux": {
          "outputs": [
            {
              "name": "out",
              "path": "/nix/store/p4n7dv87i8qdb9h38w1sj8x9zmk94jwk-eza-0.19.4",
              "default": true
            },
            {
              "name": "man",
              "path": "/nix/store/8kax25bl525mnalh3p4wcry4c0zrmz0g-eza-0.19.4-man",
              "default": true
            }
          ],
          "store_path": "/nix/store/p4n7dv87i8qdb9h38w1sj8x9zmk94jwk-eza-0.19.4"
        }
      }
    },
    "fd@latest": {
      "last_modified": "2024-09-12T11:58:09Z",
      "resolved": "github:NixOS/nixpkgs/280db3decab4cbeb22a4599bd472229ab74d25e1#fd",
      "source": "devbox-search",
      "version": "10.2.0",
      "systems": {
        "aarch64-darwin": {
          "outputs": [
            {
              "name": "out",
              "path": "/nix/store/bbzqnzwnj2v3advibp3wps10gihj1ln6-fd-10.2.0",
              "default": true
            }
          ],
          "store_path": "/nix/store/bbzqnzwnj2v3advibp3wps10gihj1ln6-fd-10.2.0"
        },
        "aarch64-linux": {
          "outputs": [
            {
              "name": "out",
              "path": "/nix/store/y1rz0pyv8x7n1hka1j2zpwxc1l9z9243-fd-10.2.0",
              "default": true
            }
          ],
          "store_path": "/nix/store/y1rz0pyv8x7n1hka1j2zpwxc1l9z9243-fd-10.2.0"
        },
        "x86_64-darwin": {
          "outputs": [
            {
              "name": "out",
              "path": "/nix/store/v89khrhdmza9yh9gzkglhj0k3vp2qxc8-fd-10.2.0",
              "default": true
            }
          ],
          "store_path": "/nix/store/v89khrhdmza9yh9gzkglhj0k3vp2qxc8-fd-10.2.0"
        },
        "x86_64-linux": {
          "outputs": [
            {
              "name": "out",
              "path": "/nix/store/bs1pr3k75mmi65b67xp2gjb2i385wxig-fd-10.2.0",
              "default": true
            }
          ],
          "store_path": "/nix/store/bs1pr3k75mmi65b67xp2gjb2i385wxig-fd-10.2.0"
        }
      }
    },
    "fish@latest": {
      "last_modified": "2024-09-12T11:58:09Z",
      "resolved": "github:NixOS/nixpkgs/280db3decab4cbeb22a4599bd472229ab74d25e1#fish",
      "source": "devbox-search",
      "version": "3.7.1",
      "systems": {
        "aarch64-darwin": {
          "outputs": [
            {
              "name": "out",
              "path": "/nix/store/6x0fmr7rzrh0mjpsg57ix4p8c6rvw7kk-fish-3.7.1",
              "default": true
            },
            {
              "name": "doc",
              "path": "/nix/store/054amx0di11r0fl9qdsr4x0yga9xp3ly-fish-3.7.1-doc"
            }
          ],
          "store_path": "/nix/store/6x0fmr7rzrh0mjpsg57ix4p8c6rvw7kk-fish-3.7.1"
        },
        "aarch64-linux": {
          "outputs": [
            {
              "name": "out",
              "path": "/nix/store/vfdv0a55mjprz4znzs1d2zzvsl0xsc6b-fish-3.7.1",
              "default": true
            },
            {
              "name": "doc",
              "path": "/nix/store/5ja2n40rb7c9pknh7aw6ihhmai14hik2-fish-3.7.1-doc"
            }
          ],
          "store_path": "/nix/store/vfdv0a55mjprz4znzs1d2zzvsl0xsc6b-fish-3.7.1"
        },
        "x86_64-darwin": {
          "outputs": [
            {
              "name": "out",
              "path": "/nix/store/qpn24zhf31j4bmx36mnayywpw946s47n-fish-3.7.1",
              "default": true
            },
            {
              "name": "doc",
              "path": "/nix/store/ygw3x2pry7c52qrvs9pg5gdnkszmn2sl-fish-3.7.1-doc"
            }
          ],
          "store_path": "/nix/store/qpn24zhf31j4bmx36mnayywpw946s47n-fish-3.7.1"
        },
        "x86_64-linux": {
          "outputs": [
            {
              "name": "out",
              "path": "/nix/store/2skb5jg030bcv3jrb3qx4immb4c7piaa-fish-3.7.1",
              "default": true
            },
            {
              "name": "doc",
              "path": "/nix/store/lm6c2r1950dyx2q8xsn7shgg1gayi0h4-fish-3.7.1-doc"
            }
          ],
          "store_path": "/nix/store/2skb5jg030bcv3jrb3qx4immb4c7piaa-fish-3.7.1"
        }
      }
    },
    "fishPlugins.autopair@latest": {
      "last_modified": "2024-09-10T15:01:03Z",
      "resolved": "github:NixOS/nixpkgs/5ed627539ac84809c78b2dd6d26a5cebeb5ae269#fishPlugins.autopair",
      "source": "devbox-search",
      "version": "1.0.4",
      "systems": {
        "aarch64-darwin": {
          "outputs": [
            {
              "name": "out",
              "path": "/nix/store/66a0xdpdkmww18nx1lcm4996sryx5nvi-fishplugin-autopair-1.0.4",
              "default": true
            }
          ],
          "store_path": "/nix/store/66a0xdpdkmww18nx1lcm4996sryx5nvi-fishplugin-autopair-1.0.4"
        },
        "aarch64-linux": {
          "outputs": [
            {
              "name": "out",
              "path": "/nix/store/vh4kzpfxjwa1rybgkvdvafrgk1dhzlqh-fishplugin-autopair-1.0.4",
              "default": true
            }
          ],
          "store_path": "/nix/store/vh4kzpfxjwa1rybgkvdvafrgk1dhzlqh-fishplugin-autopair-1.0.4"
        },
        "x86_64-darwin": {
          "outputs": [
            {
              "name": "out",
              "path": "/nix/store/bxhlp4nihc35zicjkh4a3g30av0cwkxw-fishplugin-autopair-1.0.4",
              "default": true
            }
          ],
          "store_path": "/nix/store/bxhlp4nihc35zicjkh4a3g30av0cwkxw-fishplugin-autopair-1.0.4"
        },
        "x86_64-linux": {
          "outputs": [
            {
              "name": "out",
              "path": "/nix/store/wgdvjz2s1zwkbhhgnqgzwm0ik60414yd-fishplugin-autopair-1.0.4",
              "default": true
            }
          ],
          "store_path": "/nix/store/wgdvjz2s1zwkbhhgnqgzwm0ik60414yd-fishplugin-autopair-1.0.4"
        }
      }
    },
    "fishPlugins.sponge@latest": {
      "last_modified": "2024-09-10T15:01:03Z",
      "resolved": "github:NixOS/nixpkgs/5ed627539ac84809c78b2dd6d26a5cebeb5ae269#fishPlugins.sponge",
      "source": "devbox-search",
      "version": "1.1.0",
      "systems": {
        "aarch64-darwin": {
          "outputs": [
            {
              "name": "out",
              "path": "/nix/store/idswc80i5aylr58q1qfab4n1fkqcmrhq-fishplugin-sponge-1.1.0",
              "default": true
            }
          ],
          "store_path": "/nix/store/idswc80i5aylr58q1qfab4n1fkqcmrhq-fishplugin-sponge-1.1.0"
        },
        "aarch64-linux": {
          "outputs": [
            {
              "name": "out",
              "path": "/nix/store/qbqbqqm32dvpmaqjzfmi4d04zg9ifmxi-fishplugin-sponge-1.1.0",
              "default": true
            }
          ],
          "store_path": "/nix/store/qbqbqqm32dvpmaqjzfmi4d04zg9ifmxi-fishplugin-sponge-1.1.0"
        },
        "x86_64-darwin": {
          "outputs": [
            {
              "name": "out",
              "path": "/nix/store/5dn41g4gpzang02vfvyjyy853qvc63wh-fishplugin-sponge-1.1.0",
              "default": true
            }
          ],
          "store_path": "/nix/store/5dn41g4gpzang02vfvyjyy853qvc63wh-fishplugin-sponge-1.1.0"
        },
        "x86_64-linux": {
          "outputs": [
            {
              "name": "out",
              "path": "/nix/store/jhqcdz9yczlpbhxrsbaln3rzfplnwwlc-fishplugin-sponge-1.1.0",
              "default": true
            }
          ],
          "store_path": "/nix/store/jhqcdz9yczlpbhxrsbaln3rzfplnwwlc-fishplugin-sponge-1.1.0"
        }
      }
    },
    "fishPlugins.z@latest": {
      "last_modified": "2024-09-10T15:01:03Z",
      "resolved": "github:NixOS/nixpkgs/5ed627539ac84809c78b2dd6d26a5cebeb5ae269#fishPlugins.z",
      "source": "devbox-search",
      "version": "2022-04-08",
      "systems": {
        "aarch64-darwin": {
          "outputs": [
            {
              "name": "out",
              "path": "/nix/store/mmmp7visxqqs6gk9l479n2y8dfqc47aa-fishplugin-z-unstable-2022-04-08",
              "default": true
            }
          ],
          "store_path": "/nix/store/mmmp7visxqqs6gk9l479n2y8dfqc47aa-fishplugin-z-unstable-2022-04-08"
        },
        "aarch64-linux": {
          "outputs": [
            {
              "name": "out",
              "path": "/nix/store/w9ps71b3lffiqf1a408xrz1ywwm78w3v-fishplugin-z-unstable-2022-04-08",
              "default": true
            }
          ],
          "store_path": "/nix/store/w9ps71b3lffiqf1a408xrz1ywwm78w3v-fishplugin-z-unstable-2022-04-08"
        },
        "x86_64-darwin": {
          "outputs": [
            {
              "name": "out",
              "path": "/nix/store/hwc1r7nvrzlwp622hghyim2sxj7ms9v6-fishplugin-z-unstable-2022-04-08",
              "default": true
            }
          ],
          "store_path": "/nix/store/hwc1r7nvrzlwp622hghyim2sxj7ms9v6-fishplugin-z-unstable-2022-04-08"
        },
        "x86_64-linux": {
          "outputs": [
            {
              "name": "out",
              "path": "/nix/store/mrq0kwbqiinrhhiq13rm1cfrr2mjfr0b-fishplugin-z-unstable-2022-04-08",
              "default": true
            }
          ],
          "store_path": "/nix/store/mrq0kwbqiinrhhiq13rm1cfrr2mjfr0b-fishplugin-z-unstable-2022-04-08"
        }
      }
    },
    "git@latest": {
      "last_modified": "2024-09-10T15:01:03Z",
      "resolved": "github:NixOS/nixpkgs/5ed627539ac84809c78b2dd6d26a5cebeb5ae269#git",
      "source": "devbox-search",
      "version": "2.46.0",
      "systems": {
        "aarch64-darwin": {
          "outputs": [
            {
              "name": "out",
              "path": "/nix/store/msgwpjsr2607nmlm4f0klc60m7vyp2ls-git-2.46.0",
              "default": true
            },
            {
              "name": "doc",
              "path": "/nix/store/ycx57sa7dfrs9z1gq0sk1ai29ib9hvhl-git-2.46.0-doc"
            }
          ],
          "store_path": "/nix/store/msgwpjsr2607nmlm4f0klc60m7vyp2ls-git-2.46.0"
        },
        "aarch64-linux": {
          "outputs": [
            {
              "name": "out",
              "path": "/nix/store/lgr3n0573wi478bj456zggh541wjrbiw-git-2.46.0",
              "default": true
            },
            {
              "name": "debug",
              "path": "/nix/store/v6r2pdpiwn62yhjp489gjkqhz6yn8zl5-git-2.46.0-debug"
            },
            {
              "name": "doc",
              "path": "/nix/store/5aiq8j373y5k9dh1p98zlic3n5f5ycnq-git-2.46.0-doc"
            }
          ],
          "store_path": "/nix/store/lgr3n0573wi478bj456zggh541wjrbiw-git-2.46.0"
        },
        "x86_64-darwin": {
          "outputs": [
            {
              "name": "out",
              "path": "/nix/store/lfb5ngmzsmnbqw41wm11i7hjnrkii7ic-git-2.46.0",
              "default": true
            },
            {
              "name": "doc",
              "path": "/nix/store/kcgzncw4plawrs6fw524dprbscqdl78n-git-2.46.0-doc"
            }
          ],
          "store_path": "/nix/store/lfb5ngmzsmnbqw41wm11i7hjnrkii7ic-git-2.46.0"
        },
        "x86_64-linux": {
          "outputs": [
            {
              "name": "out",
              "path": "/nix/store/0l63mqr7qx1asjxfz86j4zbs4758gn98-git-2.46.0",
              "default": true
            },
            {
              "name": "debug",
              "path": "/nix/store/x1g0dhpqg1fi4dz20lp2i2h759bdkark-git-2.46.0-debug"
            },
            {
              "name": "doc",
              "path": "/nix/store/5r0irlcap11p8wqbdiy9fz1y3pk1mn4n-git-2.46.0-doc"
            }
          ],
          "store_path": "/nix/store/0l63mqr7qx1asjxfz86j4zbs4758gn98-git-2.46.0"
        }
      }
    },
    "helix@latest": {
      "last_modified": "2024-09-12T11:58:09Z",
      "resolved": "github:NixOS/nixpkgs/280db3decab4cbeb22a4599bd472229ab74d25e1#helix",
      "source": "devbox-search",
      "version": "24.07",
      "systems": {
        "aarch64-darwin": {
          "outputs": [
            {
              "name": "out",
              "path": "/nix/store/yzaw88hmk5rsq6lc00qnyrdw77dapki4-helix-24.07",
              "default": true
            }
          ],
          "store_path": "/nix/store/yzaw88hmk5rsq6lc00qnyrdw77dapki4-helix-24.07"
        },
        "aarch64-linux": {
          "outputs": [
            {
              "name": "out",
              "path": "/nix/store/9zpn0bsmrzvgljhpz40b09zh8zhph3qq-helix-24.07",
              "default": true
            }
          ],
          "store_path": "/nix/store/9zpn0bsmrzvgljhpz40b09zh8zhph3qq-helix-24.07"
        },
        "x86_64-darwin": {
          "outputs": [
            {
              "name": "out",
              "path": "/nix/store/c20kmbvipfwxryb9gsishlrwnbf2a9r7-helix-24.07",
              "default": true
            }
          ],
          "store_path": "/nix/store/c20kmbvipfwxryb9gsishlrwnbf2a9r7-helix-24.07"
        },
        "x86_64-linux": {
          "outputs": [
            {
              "name": "out",
              "path": "/nix/store/q5k6926qyz5iar08av6pn2a82r23zs9q-helix-24.07",
              "default": true
            }
          ],
          "store_path": "/nix/store/q5k6926qyz5iar08av6pn2a82r23zs9q-helix-24.07"
        }
      }
    },
    "lazygit@latest": {
      "last_modified": "2024-09-19T11:39:46Z",
      "resolved": "github:NixOS/nixpkgs/268bb5090a3c6ac5e1615b38542a868b52ef8088#lazygit",
      "source": "devbox-search",
      "version": "0.44.1",
      "systems": {
        "aarch64-darwin": {
          "outputs": [
            {
              "name": "out",
              "path": "/nix/store/kdmvwfy81mrzdn4sj9bpcijhdngy51dk-lazygit-0.44.1",
              "default": true
            }
          ],
          "store_path": "/nix/store/kdmvwfy81mrzdn4sj9bpcijhdngy51dk-lazygit-0.44.1"
        },
        "aarch64-linux": {
          "outputs": [
            {
              "name": "out",
              "path": "/nix/store/50hdf4skv1hhfc6s1dbhjn0nm93i81pp-lazygit-0.44.1",
              "default": true
            }
          ],
          "store_path": "/nix/store/50hdf4skv1hhfc6s1dbhjn0nm93i81pp-lazygit-0.44.1"
        },
        "x86_64-darwin": {
          "outputs": [
            {
              "name": "out",
              "path": "/nix/store/wssvwl89728wnsfxbskj5xjw7pbva76h-lazygit-0.44.1",
              "default": true
            }
          ],
          "store_path": "/nix/store/wssvwl89728wnsfxbskj5xjw7pbva76h-lazygit-0.44.1"
        },
        "x86_64-linux": {
          "outputs": [
            {
              "name": "out",
              "path": "/nix/store/29l088z6zcgc53saggpbwnwic43b8k72-lazygit-0.44.1",
              "default": true
            }
          ],
          "store_path": "/nix/store/29l088z6zcgc53saggpbwnwic43b8k72-lazygit-0.44.1"
        }
      }
    },
    "ripgrep@latest": {
      "last_modified": "2024-09-12T11:58:09Z",
      "resolved": "github:NixOS/nixpkgs/280db3decab4cbeb22a4599bd472229ab74d25e1#ripgrep",
      "source": "devbox-search",
      "version": "14.1.1",
      "systems": {
        "aarch64-darwin": {
          "outputs": [
            {
              "name": "out",
              "path": "/nix/store/7l1ldhxvvgrhwf6giw6vl9p3rabl0yi2-ripgrep-14.1.1",
              "default": true
            }
          ],
          "store_path": "/nix/store/7l1ldhxvvgrhwf6giw6vl9p3rabl0yi2-ripgrep-14.1.1"
        },
        "aarch64-linux": {
          "outputs": [
            {
              "name": "out",
              "path": "/nix/store/pp8z4zkfly4dyi70yv9l0wdjw6inwrg7-ripgrep-14.1.1",
              "default": true
            }
          ],
          "store_path": "/nix/store/pp8z4zkfly4dyi70yv9l0wdjw6inwrg7-ripgrep-14.1.1"
        },
        "x86_64-darwin": {
          "outputs": [
            {
              "name": "out",
              "path": "/nix/store/6kbn551kxxmszg557nsk12viblahah0z-ripgrep-14.1.1",
              "default": true
            }
          ],
          "store_path": "/nix/store/6kbn551kxxmszg557nsk12viblahah0z-ripgrep-14.1.1"
        },
        "x86_64-linux": {
          "outputs": [
            {
              "name": "out",
              "path": "/nix/store/kfwa3x3v9b51j2nszh61adm447jv4nvk-ripgrep-14.1.1",
              "default": true
            }
          ],
          "store_path": "/nix/store/kfwa3x3v9b51j2nszh61adm447jv4nvk-ripgrep-14.1.1"
        }
      }
    }
  }
}
